
Microsoft Visual Studio Solution File, Format Version 12.00
# Visual Studio Version 17
VisualStudioVersion = 17.5.33530.505
MinimumVisualStudioVersion = 10.0.40219.1
Project("{FAE04EC0-301F-11D3-BF4B-00C04F79EFBC}") = "CrudOperations", "CrudOperations\CrudOperations.csproj", "{AA4878AC-52D3-4F1C-BCC3-97F3F8365D65}"
EndProject
Global
	GlobalSection(SolutionConfigurationPlatforms) = preSolution
		Debug|Any CPU = Debug|Any CPU
		Release|Any CPU = Release|Any CPU
	EndGlobalSection
	GlobalSection(ProjectConfigurationPlatforms) = postSolution
		{AA4878AC-52D3-4F1C-BCC3-97F3F8365D65}.Debug|Any CPU.ActiveCfg = Debug|Any CPU
		{AA4878AC-52D3-4F1C-BCC3-97F3F8365D65}.Debug|Any CPU.Build.0 = Debug|Any CPU
		{AA4878AC-52D3-4F1C-BCC3-97F3F8365D65}.Release|Any CPU.ActiveCfg = Release|Any CPU
		{AA4878AC-52D3-4F1C-BCC3-97F3F8365D65}.Release|Any CPU.Build.0 = Release|Any CPU
	EndGlobalSection
	GlobalSection(SolutionProperties) = preSolution
		HideSolutionNode = FALSE
	EndGlobalSection
	GlobalSection(ExtensibilityGlobals) = postSolution
		SolutionGuid = {032DF6DB-6368-4871-A7F3-FD3E440136C8}
	EndGlobalSection
EndGlobal
